
Microsoft Visual Studio Solution File, Format Version 12.00
# Visual Studio Version 17
VisualStudioVersion = 17.14.36301.6
MinimumVisualStudioVersion = 10.0.40219.1
Project("{FAE04EC0-301F-11D3-BF4B-00C04F79EFBC}") = "ParkingManagement.Api", "ParkingManagement.Api\ParkingManagement.Api.csproj", "{FC35E95B-3138-41A4-A254-EF3E039E4678}"
EndProject
Project("{FAE04EC0-301F-11D3-BF4B-00C04F79EFBC}") = "ParkingManagement.Domain", "ParkingManagement.Domain\ParkingManagement.Domain.csproj", "{761A5173-EF7A-4C6F-B34A-A7F693745B48}"
EndProject
Project("{FAE04EC0-301F-11D3-BF4B-00C04F79EFBC}") = "ParkingManagement.Infrastructure", "ParkingManagement.Infrastructure\ParkingManagement.Infrastructure.csproj", "{E97BCF61-2177-4FE1-9186-12EFC8415FE1}"
EndProject
Project("{FAE04EC0-301F-11D3-BF4B-00C04F79EFBC}") = "ParkingManagement.Tests", "ParkingManagement.Tests\ParkingManagement.Tests.csproj", "{F978A391-E20F-4558-94DF-36DC91660944}"
EndProject
Global
	GlobalSection(SolutionConfigurationPlatforms) = preSolution
		Debug|Any CPU = Debug|Any CPU
		Release|Any CPU = Release|Any CPU
	EndGlobalSection
	GlobalSection(ProjectConfigurationPlatforms) = postSolution
		{FC35E95B-3138-41A4-A254-EF3E039E4678}.Debug|Any CPU.ActiveCfg = Debug|Any CPU
		{FC35E95B-3138-41A4-A254-EF3E039E4678}.Debug|Any CPU.Build.0 = Debug|Any CPU
		{FC35E95B-3138-41A4-A254-EF3E039E4678}.Release|Any CPU.ActiveCfg = Release|Any CPU
		{FC35E95B-3138-41A4-A254-EF3E039E4678}.Release|Any CPU.Build.0 = Release|Any CPU
		{761A5173-EF7A-4C6F-B34A-A7F693745B48}.Debug|Any CPU.ActiveCfg = Debug|Any CPU
		{761A5173-EF7A-4C6F-B34A-A7F693745B48}.Debug|Any CPU.Build.0 = Debug|Any CPU
		{761A5173-EF7A-4C6F-B34A-A7F693745B48}.Release|Any CPU.ActiveCfg = Release|Any CPU
		{761A5173-EF7A-4C6F-B34A-A7F693745B48}.Release|Any CPU.Build.0 = Release|Any CPU
		{E97BCF61-2177-4FE1-9186-12EFC8415FE1}.Debug|Any CPU.ActiveCfg = Debug|Any CPU
		{E97BCF61-2177-4FE1-9186-12EFC8415FE1}.Debug|Any CPU.Build.0 = Debug|Any CPU
		{E97BCF61-2177-4FE1-9186-12EFC8415FE1}.Release|Any CPU.ActiveCfg = Release|Any CPU
		{E97BCF61-2177-4FE1-9186-12EFC8415FE1}.Release|Any CPU.Build.0 = Release|Any CPU
		{F978A391-E20F-4558-94DF-36DC91660944}.Debug|Any CPU.ActiveCfg = Debug|Any CPU
		{F978A391-E20F-4558-94DF-36DC91660944}.Debug|Any CPU.Build.0 = Debug|Any CPU
		{F978A391-E20F-4558-94DF-36DC91660944}.Release|Any CPU.ActiveCfg = Release|Any CPU
		{F978A391-E20F-4558-94DF-36DC91660944}.Release|Any CPU.Build.0 = Release|Any CPU
	EndGlobalSection
	GlobalSection(SolutionProperties) = preSolution
		HideSolutionNode = FALSE
	EndGlobalSection
	GlobalSection(ExtensibilityGlobals) = postSolution
		SolutionGuid = {87BAE7F2-356B-4662-BEB2-E150681C87F0}
	EndGlobalSection
EndGlobal
